// !$*UTF8*$!
{
	archiveVersion = 1;
	classes = {
	};
	objectVersion = 46;
	objects = {

/* Begin PBXBuildFile section */
		55AEB9EF1B0AD9EA00EA2549 /* AppDelegate.swift in Sources */ = {isa = PBXBuildFile; fileRef = 55AEB9EE1B0AD9EA00EA2549 /* AppDelegate.swift */; };
		55AEB9F11B0AD9EA00EA2549 /* ViewController.swift in Sources */ = {isa = PBXBuildFile; fileRef = 55AEB9F01B0AD9EA00EA2549 /* ViewController.swift */; };
		55AEB9F41B0AD9EA00EA2549 /* Main.storyboard in Resources */ = {isa = PBXBuildFile; fileRef = 55AEB9F21B0AD9EA00EA2549 /* Main.storyboard */; };
		55AEB9F61B0AD9EA00EA2549 /* Images.xcassets in Resources */ = {isa = PBXBuildFile; fileRef = 55AEB9F51B0AD9EA00EA2549 /* Images.xcassets */; };
		55AEB9F91B0AD9EA00EA2549 /* LaunchScreen.xib in Resources */ = {isa = PBXBuildFile; fileRef = 55AEB9F71B0AD9EA00EA2549 /* LaunchScreen.xib */; };
		55AEBA051B0AD9EA00EA2549 /* ParseChatTests.swift in Sources */ = {isa = PBXBuildFile; fileRef = 55AEBA041B0AD9EA00EA2549 /* ParseChatTests.swift */; };
		5E2E5BC473BBC19E49947614 /* libPods-ParseChat.a in Frameworks */ = {isa = PBXBuildFile; fileRef = AD3653F6E8BB55F6254E80B8 /* libPods-ParseChat.a */; };
/* End PBXBuildFile section */

/* Begin PBXContainerItemProxy section */
		55AEB9FF1B0AD9EA00EA2549 /* PBXContainerItemProxy */ = {
			isa = PBXContainerItemProxy;
			containerPortal = 55AEB9E11B0AD9EA00EA2549 /* Project object */;
			proxyType = 1;
			remoteGlobalIDString = 55AEB9E81B0AD9EA00EA2549;
			remoteInfo = ParseChat;
		};
/* End PBXContainerItemProxy section */

/* Begin PBXFileReference section */
		55AEB9E91B0AD9EA00EA2549 /* ParseChat.app */ = {isa = PBXFileReference; explicitFileType = wrapper.application; includeInIndex = 0; path = ParseChat.app; sourceTree = BUILT_PRODUCTS_DIR; };
		55AEB9ED1B0AD9EA00EA2549 /* Info.plist */ = {isa = PBXFileReference; lastKnownFileType = text.plist.xml; path = Info.plist; sourceTree = "<group>"; };
		55AEB9EE1B0AD9EA00EA2549 /* AppDelegate.swift */ = {isa = PBXFileReference; lastKnownFileType = sourcecode.swift; path = AppDelegate.swift; sourceTree = "<group>"; };
		55AEB9F01B0AD9EA00EA2549 /* ViewController.swift */ = {isa = PBXFileReference; lastKnownFileType = sourcecode.swift; path = ViewController.swift; sourceTree = "<group>"; };
		55AEB9F31B0AD9EA00EA2549 /* Base */ = {isa = PBXFileReference; lastKnownFileType = file.storyboard; name = Base; path = Base.lproj/Main.storyboard; sourceTree = "<group>"; };
		55AEB9F51B0AD9EA00EA2549 /* Images.xcassets */ = {isa = PBXFileReference; lastKnownFileType = folder.assetcatalog; path = Images.xcassets; sourceTree = "<group>"; };
		55AEB9F81B0AD9EA00EA2549 /* Base */ = {isa = PBXFileReference; lastKnownFileType = file.xib; name = Base; path = Base.lproj/LaunchScreen.xib; sourceTree = "<group>"; };
		55AEB9FE1B0AD9EA00EA2549 /* ParseChatTests.xctest */ = {isa = PBXFileReference; explicitFileType = wrapper.cfbundle; includeInIndex = 0; path = ParseChatTests.xctest; sourceTree = BUILT_PRODUCTS_DIR; };
		55AEBA031B0AD9EA00EA2549 /* Info.plist */ = {isa = PBXFileReference; lastKnownFileType = text.plist.xml; path = Info.plist; sourceTree = "<group>"; };
		55AEBA041B0AD9EA00EA2549 /* ParseChatTests.swift */ = {isa = PBXFileReference; lastKnownFileType = sourcecode.swift; path = ParseChatTests.swift; sourceTree = "<group>"; };
		AD3653F6E8BB55F6254E80B8 /* libPods-ParseChat.a */ = {isa = PBXFileReference; explicitFileType = archive.ar; includeInIndex = 0; path = "libPods-ParseChat.a"; sourceTree = BUILT_PRODUCTS_DIR; };
		CE7192FA5D135734E1BA37CA /* Pods-ParseChat.debug.xcconfig */ = {isa = PBXFileReference; includeInIndex = 1; lastKnownFileType = text.xcconfig; name = "Pods-ParseChat.debug.xcconfig"; path = "Pods/Target Support Files/Pods-ParseChat/Pods-ParseChat.debug.xcconfig"; sourceTree = "<group>"; };
		D8BE05A1E810C0649C93289D /* Pods-ParseChat.release.xcconfig */ = {isa = PBXFileReference; includeInIndex = 1; lastKnownFileType = text.xcconfig; name = "Pods-ParseChat.release.xcconfig"; path = "Pods/Target Support Files/Pods-ParseChat/Pods-ParseChat.release.xcconfig"; sourceTree = "<group>"; };
/* End PBXFileReference section */

/* Begin PBXFrameworksBuildPhase section */
		55AEB9E61B0AD9EA00EA2549 /* Frameworks */ = {
			isa = PBXFrameworksBuildPhase;
			buildActionMask = 2147483647;
			files = (
				5E2E5BC473BBC19E49947614 /* libPods-ParseChat.a in Frameworks */,
			);
			runOnlyForDeploymentPostprocessing = 0;
		};
		55AEB9FB1B0AD9EA00EA2549 /* Frameworks */ = {
			isa = PBXFrameworksBuildPhase;
			buildActionMask = 2147483647;
			files = (
			);
			runOnlyForDeploymentPostprocessing = 0;
		};
/* End PBXFrameworksBuildPhase section */

/* Begin PBXGroup section */
		3646C291F5C1A4A33C690D2E /* Frameworks */ = {
			isa = PBXGroup;
			children = (
				AD3653F6E8BB55F6254E80B8 /* libPods-ParseChat.a */,
			);
			name = Frameworks;
			sourceTree = "<group>";
		};
		3EC03EEF74BDAE2D99ADE9AB /* Pods */ = {
			isa = PBXGroup;
			children = (
				CE7192FA5D135734E1BA37CA /* Pods-ParseChat.debug.xcconfig */,
				D8BE05A1E810C0649C93289D /* Pods-ParseChat.release.xcconfig */,
			);
			name = Pods;
			sourceTree = "<group>";
		};
		55AEB9E01B0AD9EA00EA2549 = {
			isa = PBXGroup;
			children = (
				55AEB9EB1B0AD9EA00EA2549 /* ParseChat */,
				55AEBA011B0AD9EA00EA2549 /* ParseChatTests */,
				55AEB9EA1B0AD9EA00EA2549 /* Products */,
				3EC03EEF74BDAE2D99ADE9AB /* Pods */,
				3646C291F5C1A4A33C690D2E /* Frameworks */,
			);
			sourceTree = "<group>";
		};
		55AEB9EA1B0AD9EA00EA2549 /* Products */ = {
			isa = PBXGroup;
			children = (
				55AEB9E91B0AD9EA00EA2549 /* ParseChat.app */,
				55AEB9FE1B0AD9EA00EA2549 /* ParseChatTests.xctest */,
			);
			name = Products;
			sourceTree = "<group>";
		};
		55AEB9EB1B0AD9EA00EA2549 /* ParseChat */ = {
			isa = PBXGroup;
			children = (
				55AEB9EE1B0AD9EA00EA2549 /* AppDelegate.swift */,
				55AEB9F01B0AD9EA00EA2549 /* ViewController.swift */,
				55AEB9F21B0AD9EA00EA2549 /* Main.storyboard */,
				55AEB9F51B0AD9EA00EA2549 /* Images.xcassets */,
				55AEB9F71B0AD9EA00EA2549 /* LaunchScreen.xib */,
				55AEB9EC1B0AD9EA00EA2549 /* Supporting Files */,
			);
			path = ParseChat;
			sourceTree = "<group>";
		};
		55AEB9EC1B0AD9EA00EA2549 /* Supporting Files */ = {
			isa = PBXGroup;
			children = (
				55AEB9ED1B0AD9EA00EA2549 /* Info.plist */,
			);
			name = "Supporting Files";
			sourceTree = "<group>";
		};
		55AEBA011B0AD9EA00EA2549 /* ParseChatTests */ = {
			isa = PBXGroup;
			children = (
				55AEBA041B0AD9EA00EA2549 /* ParseChatTests.swift */,
				55AEBA021B0AD9EA00EA2549 /* Supporting Files */,
			);
			path = ParseChatTests;
			sourceTree = "<group>";
		};
		55AEBA021B0AD9EA00EA2549 /* Supporting Files */ = {
			isa = PBXGroup;
			children = (
				55AEBA031B0AD9EA00EA2549 /* Info.plist */,
			);
			name = "Supporting Files";
			sourceTree = "<group>";
		};
/* End PBXGroup section */

/* Begin PBXNativeTarget section */
		55AEB9E81B0AD9EA00EA2549 /* ParseChat */ = {
			isa = PBXNativeTarget;
			buildConfigurationList = 55AEBA081B0AD9EA00EA2549 /* Build configuration list for PBXNativeTarget "ParseChat" */;
			buildPhases = (
				F0D5C216BE0A1A97AF983195 /* Check Pods Manifest.lock */,
				55AEB9E51B0AD9EA00EA2549 /* Sources */,
				55AEB9E61B0AD9EA00EA2549 /* Frameworks */,
				55AEB9E71B0AD9EA00EA2549 /* Resources */,
				A8C69EA3BF32AD9591CAF675 /* Copy Pods Resources */,
			);
			buildRules = (
			);
			dependencies = (
			);
			name = ParseChat;
			productName = ParseChat;
			productReference = 55AEB9E91B0AD9EA00EA2549 /* ParseChat.app */;
			productType = "com.apple.product-type.application";
		};
		55AEB9FD1B0AD9EA00EA2549 /* ParseChatTests */ = {
			isa = PBXNativeTarget;
			buildConfigurationList = 55AEBA0B1B0AD9EA00EA2549 /* Build configuration list for PBXNativeTarget "ParseChatTests" */;
			buildPhases = (
				55AEB9FA1B0AD9EA00EA2549 /* Sources */,
				55AEB9FB1B0AD9EA00EA2549 /* Frameworks */,
				55AEB9FC1B0AD9EA00EA2549 /* Resources */,
			);
			buildRules = (
			);
			dependencies = (
				55AEBA001B0AD9EA00EA2549 /* PBXTargetDependency */,
			);
			name = ParseChatTests;
			productName = ParseChatTests;
			productReference = 55AEB9FE1B0AD9EA00EA2549 /* ParseChatTests.xctest */;
			productType = "com.apple.product-type.bundle.unit-test";
		};
/* End PBXNativeTarget section */

/* Begin PBXProject section */
		55AEB9E11B0AD9EA00EA2549 /* Project object */ = {
			isa = PBXProject;
			attributes = {
				LastUpgradeCheck = 0630;
				ORGANIZATIONNAME = "David Kuchar";
				TargetAttributes = {
					55AEB9E81B0AD9EA00EA2549 = {
						CreatedOnToolsVersion = 6.3.1;
					};
					55AEB9FD1B0AD9EA00EA2549 = {
						CreatedOnToolsVersion = 6.3.1;
						TestTargetID = 55AEB9E81B0AD9EA00EA2549;
					};
				};
			};
			buildConfigurationList = 55AEB9E41B0AD9EA00EA2549 /* Build configuration list for PBXProject "ParseChat" */;
			compatibilityVersion = "Xcode 3.2";
			developmentRegion = English;
			hasScannedForEncodings = 0;
			knownRegions = (
				en,
				Base,
			);
			mainGroup = 55AEB9E01B0AD9EA00EA2549;
			productRefGroup = 55AEB9EA1B0AD9EA00EA2549 /* Products */;
			projectDirPath = "";
			projectRoot = "";
			targets = (
				55AEB9E81B0AD9EA00EA2549 /* ParseChat */,
				55AEB9FD1B0AD9EA00EA2549 /* ParseChatTests */,
			);
		};
/* End PBXProject section */

/* Begin PBXResourcesBuildPhase section */
		55AEB9E71B0AD9EA00EA2549 /* Resources */ = {
			isa = PBXResourcesBuildPhase;
			buildActionMask = 2147483647;
			files = (
				55AEB9F41B0AD9EA00EA2549 /* Main.storyboard in Resources */,
				55AEB9F91B0AD9EA00EA2549 /* LaunchScreen.xib in Resources */,
				55AEB9F61B0AD9EA00EA2549 /* Images.xcassets in Resources */,
			);
			runOnlyForDeploymentPostprocessing = 0;
		};
		55AEB9FC1B0AD9EA00EA2549 /* Resources */ = {
			isa = PBXResourcesBuildPhase;
			buildActionMask = 2147483647;
			files = (
			);
			runOnlyForDeploymentPostprocessing = 0;
		};
/* End PBXResourcesBuildPhase section */

/* Begin PBXShellScriptBuildPhase section */
		A8C69EA3BF32AD9591CAF675 /* Copy Pods Resources */ = {
			isa = PBXShellScriptBuildPhase;
			buildActionMask = 2147483647;
			files = (
			);
			inputPaths = (
			);
			name = "Copy Pods Resources";
			outputPaths = (
			);
			runOnlyForDeploymentPostprocessing = 0;
			shellPath = /bin/sh;
			shellScript = "\"${SRCROOT}/Pods/Target Support Files/Pods-ParseChat/Pods-ParseChat-resources.sh\"\n";
			showEnvVarsInLog = 0;
		};
		F0D5C216BE0A1A97AF983195 /* Check Pods Manifest.lock */ = {
			isa = PBXShellScriptBuildPhase;
			buildActionMask = 2147483647;
			files = (
			);
			inputPaths = (
			);
			name = "Check Pods Manifest.lock";
			outputPaths = (
			);
			runOnlyForDeploymentPostprocessing = 0;
			shellPath = /bin/sh;
			shellScript = "diff \"${PODS_ROOT}/../Podfile.lock\" \"${PODS_ROOT}/Manifest.lock\" > /dev/null\nif [[ $? != 0 ]] ; then\n    cat << EOM\nerror: The sandbox is not in sync with the Podfile.lock. Run 'pod install' or update your CocoaPods installation.\nEOM\n    exit 1\nfi\n";
			showEnvVarsInLog = 0;
		};
/* End PBXShellScriptBuildPhase section */

/* Begin PBXSourcesBuildPhase section */
		55AEB9E51B0AD9EA00EA2549 /* Sources */ = {
			isa = PBXSourcesBuildPhase;
			buildActionMask = 2147483647;
			files = (
				55AEB9F11B0AD9EA00EA2549 /* ViewController.swift in Sources */,
				55AEB9EF1B0AD9EA00EA2549 /* AppDelegate.swift in Sources */,
			);
			runOnlyForDeploymentPostprocessing = 0;
		};
		55AEB9FA1B0AD9EA00EA2549 /* Sources */ = {
			isa = PBXSourcesBuildPhase;
			buildActionMask = 2147483647;
			files = (
				55AEBA051B0AD9EA00EA2549 /* ParseChatTests.swift in Sources */,
			);
			runOnlyForDeploymentPostprocessing = 0;
		};
/* End PBXSourcesBuildPhase section */

/* Begin PBXTargetDependency section */
		55AEBA001B0AD9EA00EA2549 /* PBXTargetDependency */ = {
			isa = PBXTargetDependency;
			target = 55AEB9E81B0AD9EA00EA2549 /* ParseChat */;
			targetProxy = 55AEB9FF1B0AD9EA00EA2549 /* PBXContainerItemProxy */;
		};
/* End PBXTargetDependency section */

/* Begin PBXVariantGroup section */
		55AEB9F21B0AD9EA00EA2549 /* Main.storyboard */ = {
			isa = PBXVariantGroup;
			children = (
				55AEB9F31B0AD9EA00EA2549 /* Base */,
			);
			name = Main.storyboard;
			sourceTree = "<group>";
		};
		55AEB9F71B0AD9EA00EA2549 /* LaunchScreen.xib */ = {
			isa = PBXVariantGroup;
			children = (
				55AEB9F81B0AD9EA00EA2549 /* Base */,
			);
			name = LaunchScreen.xib;
			sourceTree = "<group>";
		};
/* End PBXVariantGroup section */

/* Begin XCBuildConfiguration section */
		55AEBA061B0AD9EA00EA2549 /* Debug */ = {
			isa = XCBuildConfiguration;
			buildSettings = {
				ALWAYS_SEARCH_USER_PATHS = NO;
				CLANG_CXX_LANGUAGE_STANDARD = "gnu++0x";
				CLANG_CXX_LIBRARY = "libc++";
				CLANG_ENABLE_MODULES = YES;
				CLANG_ENABLE_OBJC_ARC = YES;
				CLANG_WARN_BOOL_CONVERSION = YES;
				CLANG_WARN_CONSTANT_CONVERSION = YES;
				CLANG_WARN_DIRECT_OBJC_ISA_USAGE = YES_ERROR;
				CLANG_WARN_EMPTY_BODY = YES;
				CLANG_WARN_ENUM_CONVERSION = YES;
				CLANG_WARN_INT_CONVERSION = YES;
				CLANG_WARN_OBJC_ROOT_CLASS = YES_ERROR;
				CLANG_WARN_UNREACHABLE_CODE = YES;
				CLANG_WARN__DUPLICATE_METHOD_MATCH = YES;
				"CODE_SIGN_IDENTITY[sdk=iphoneos*]" = "iPhone Developer";
				COPY_PHASE_STRIP = NO;
				DEBUG_INFORMATION_FORMAT = "dwarf-with-dsym";
				ENABLE_STRICT_OBJC_MSGSEND = YES;
				GCC_C_LANGUAGE_STANDARD = gnu99;
				GCC_DYNAMIC_NO_PIC = NO;
				GCC_NO_COMMON_BLOCKS = YES;
				GCC_OPTIMIZATION_LEVEL = 0;
				GCC_PREPROCESSOR_DEFINITIONS = (
					"DEBUG=1",
					"$(inherited)",
				);
				GCC_SYMBOLS_PRIVATE_EXTERN = NO;
				GCC_WARN_64_TO_32_BIT_CONVERSION = YES;
				GCC_WARN_ABOUT_RETURN_TYPE = YES_ERROR;
				GCC_WARN_UNDECLARED_SELECTOR = YES;
				GCC_WARN_UNINITIALIZED_AUTOS = YES_AGGRESSIVE;
				GCC_WARN_UNUSED_FUNCTION = YES;
				GCC_WARN_UNUSED_VARIABLE = YES;
				IPHONEOS_DEPLOYMENT_TARGET = 8.3;
				MTL_ENABLE_DEBUG_INFO = YES;
				ONLY_ACTIVE_ARCH = YES;
				SDKROOT = iphoneos;
				SWIFT_OPTIMIZATION_LEVEL = "-Onone";
			};
			name = Debug;
		};
		55AEBA071B0AD9EA00EA2549 /* Release */ = {
			isa = XCBuildConfiguration;
			buildSettings = {
				ALWAYS_SEARCH_USER_PATHS = NO;
				CLANG_CXX_LANGUAGE_STANDARD = "gnu++0x";
				CLANG_CXX_LIBRARY = "libc++";
				CLANG_ENABLE_MODULES = YES;
				CLANG_ENABLE_OBJC_ARC = YES;
				CLANG_WARN_BOOL_CONVERSION = YES;
				CLANG_WARN_CONSTANT_CONVERSION = YES;
				CLANG_WARN_DIRECT_OBJC_ISA_USAGE = YES_ERROR;
				CLANG_WARN_EMPTY_BODY = YES;
				CLANG_WARN_ENUM_CONVERSION = YES;
				CLANG_WARN_INT_CONVERSION = YES;
				CLANG_WARN_OBJC_ROOT_CLASS = YES_ERROR;
				CLANG_WARN_UNREACHABLE_CODE = YES;
				CLANG_WARN__DUPLICATE_METHOD_MATCH = YES;
				"CODE_SIGN_IDENTITY[sdk=iphoneos*]" = "iPhone Developer";
				COPY_PHASE_STRIP = NO;
				DEBUG_INFORMATION_FORMAT = "dwarf-with-dsym";
				ENABLE_NS_ASSERTIONS = NO;
				ENABLE_STRICT_OBJC_MSGSEND = YES;
				GCC_C_LANGUAGE_STANDARD = gnu99;
				GCC_NO_COMMON_BLOCKS = YES;
				GCC_WARN_64_TO_32_BIT_CONVERSION = YES;
				GCC_WARN_ABOUT_RETURN_TYPE = YES_ERROR;
				GCC_WARN_UNDECLARED_SELECTOR = YES;
				GCC_WARN_UNINITIALIZED_AUTOS = YES_AGGRESSIVE;
				GCC_WARN_UNUSED_FUNCTION = YES;
				GCC_WARN_UNUSED_VARIABLE = YES;
				IPHONEOS_DEPLOYMENT_TARGET = 8.3;
				MTL_ENABLE_DEBUG_INFO = NO;
				SDKROOT = iphoneos;
				VALIDATE_PRODUCT = YES;
			};
			name = Release;
		};
		55AEBA091B0AD9EA00EA2549 /* Debug */ = {
			isa = XCBuildConfiguration;
			baseConfigurationReference = CE7192FA5D135734E1BA37CA /* Pods-ParseChat.debug.xcconfig */;
			buildSettings = {
				ASSETCATALOG_COMPILER_APPICON_NAME = AppIcon;
				INFOPLIST_FILE = ParseChat/Info.plist;
				LD_RUNPATH_SEARCH_PATHS = "$(inherited) @executable_path/Frameworks";
				PRODUCT_NAME = "$(TARGET_NAME)";
			};
			name = Debug;
		};
		55AEBA0A1B0AD9EA00EA2549 /* Release */ = {
			isa = XCBuildConfiguration;
			baseConfigurationReference = D8BE05A1E810C0649C93289D /* Pods-ParseChat.release.xcconfig */;
			buildSettings = {
				ASSETCATALOG_COMPILER_APPICON_NAME = AppIcon;
				INFOPLIST_FILE = ParseChat/Info.plist;
				LD_RUNPATH_SEARCH_PATHS = "$(inherited) @executable_path/Frameworks";
				PRODUCT_NAME = "$(TARGET_NAME)";
			};
			name = Release;
		};
		55AEBA0C1B0AD9EA00EA2549 /* Debug */ = {
			isa = XCBuildConfiguration;
			buildSettings = {
				BUNDLE_LOADER = "$(TEST_HOST)";
				FRAMEWORK_SEARCH_PATHS = (
					"$(SDKROOT)/Developer/Library/Frameworks",
					"$(inherited)",
				);
				GCC_PREPROCESSOR_DEFINITIONS = (
					"DEBUG=1",
					"$(inherited)",
				);
				INFOPLIST_FILE = ParseChatTests/Info.plist;
				LD_RUNPATH_SEARCH_PATHS = "$(inherited) @executable_path/Frameworks @loader_path/Frameworks";
				PRODUCT_NAME = "$(TARGET_NAME)";
				TEST_HOST = "$(BUILT_PRODUCTS_DIR)/ParseChat.app/ParseChat";
			};
			name = Debug;
		};
		55AEBA0D1B0AD9EA00EA2549 /* Release */ = {
			isa = XCBuildConfiguration;
			buildSettings = {
				BUNDLE_LOADER = "$(TEST_HOST)";
				FRAMEWORK_SEARCH_PATHS = (
					"$(SDKROOT)/Developer/Library/Frameworks",
					"$(inherited)",
				);
				INFOPLIST_FILE = ParseChatTests/Info.plist;
				LD_RUNPATH_SEARCH_PATHS = "$(inherited) @executable_path/Frameworks @loader_path/Frameworks";
				PRODUCT_NAME = "$(TARGET_NAME)";
				TEST_HOST = "$(BUILT_PRODUCTS_DIR)/ParseChat.app/ParseChat";
			};
			name = Release;
		};
/* End XCBuildConfiguration section */

/* Begin XCConfigurationList section */
		55AEB9E41B0AD9EA00EA2549 /* Build configuration list for PBXProject "ParseChat" */ = {
			isa = XCConfigurationList;
			buildConfigurations = (
				55AEBA061B0AD9EA00EA2549 /* Debug */,
				55AEBA071B0AD9EA00EA2549 /* Release */,
			);
			defaultConfigurationIsVisible = 0;
			defaultConfigurationName = Release;
		};
		55AEBA081B0AD9EA00EA2549 /* Build configuration list for PBXNativeTarget "ParseChat" */ = {
			isa = XCConfigurationList;
			buildConfigurations = (
				55AEBA091B0AD9EA00EA2549 /* Debug */,
				55AEBA0A1B0AD9EA00EA2549 /* Release */,
			);
			defaultConfigurationIsVisible = 0;
			defaultConfigurationName = Release;
		};
		55AEBA0B1B0AD9EA00EA2549 /* Build configuration list for PBXNativeTarget "ParseChatTests" */ = {
			isa = XCConfigurationList;
			buildConfigurations = (
				55AEBA0C1B0AD9EA00EA2549 /* Debug */,
				55AEBA0D1B0AD9EA00EA2549 /* Release */,
			);
			defaultConfigurationIsVisible = 0;
			defaultConfigurationName = Release;
		};
/* End XCConfigurationList section */
	};
	rootObject = 55AEB9E11B0AD9EA00EA2549 /* Project object */;
}
